
Microsoft Visual Studio Solution File, Format Version 12.00
# Visual Studio Version 17
VisualStudioVersion = 17.6.33829.357
MinimumVisualStudioVersion = 10.0.40219.1
Project("{FAE04EC0-301F-11D3-BF4B-00C04F79EFBC}") = "UnitTest1", "UnitTest1.csproj", "{3551D7FF-2D7F-43D3-9F8B-3B11AA742F82}"
EndProject
Project("{FAE04EC0-301F-11D3-BF4B-00C04F79EFBC}") = "TesProject", "..\TesProject\TesProject.csproj", "{0FFBA2B3-D160-4645-AD38-C52F60223042}"
EndProject
Global
	GlobalSection(SolutionConfigurationPlatforms) = preSolution
		Debug|Any CPU = Debug|Any CPU
		Release|Any CPU = Release|Any CPU
	EndGlobalSection
	GlobalSection(ProjectConfigurationPlatforms) = postSolution
		{3551D7FF-2D7F-43D3-9F8B-3B11AA742F82}.Debug|Any CPU.ActiveCfg = Debug|Any CPU
		{3551D7FF-2D7F-43D3-9F8B-3B11AA742F82}.Debug|Any CPU.Build.0 = Debug|Any CPU
		{3551D7FF-2D7F-43D3-9F8B-3B11AA742F82}.Release|Any CPU.ActiveCfg = Release|Any CPU
		{3551D7FF-2D7F-43D3-9F8B-3B11AA742F82}.Release|Any CPU.Build.0 = Release|Any CPU
		{0FFBA2B3-D160-4645-AD38-C52F60223042}.Debug|Any CPU.ActiveCfg = Debug|Any CPU
		{0FFBA2B3-D160-4645-AD38-C52F60223042}.Debug|Any CPU.Build.0 = Debug|Any CPU
		{0FFBA2B3-D160-4645-AD38-C52F60223042}.Release|Any CPU.ActiveCfg = Release|Any CPU
		{0FFBA2B3-D160-4645-AD38-C52F60223042}.Release|Any CPU.Build.0 = Release|Any CPU
	EndGlobalSection
	GlobalSection(SolutionProperties) = preSolution
		HideSolutionNode = FALSE
	EndGlobalSection
	GlobalSection(ExtensibilityGlobals) = postSolution
		SolutionGuid = {8D56DDE8-FB36-46F7-B563-C61C9FF6B8B1}
	EndGlobalSection
EndGlobal
